%{"amnesia": {:git, "https://github.com/meh/amnesia.git", "1a68e0d31401d0e7e60375b07d4ac9cf4cdf5ebd", [tag: :master]},
  "exquisite": {:hex, :exquisite, "0.1.8", "ee8f56aae477287ce5e7dfcbc163a420cccbb73e680a6d80a09203e9ef514fa4", [:mix], []},
  "uuid": {:hex, :uuid, "1.1.8", "e22fc04499de0de3ed1116b770c7737779f226ceefa0badb3592e64d5cfb4eb9", [:mix], []}}
